
Microsoft Visual Studio Solution File, Format Version 12.00
# Visual Studio Version 16
VisualStudioVersion = 16.0.30717.126
MinimumVisualStudioVersion = 10.0.40219.1
Project("{9A19103F-16F7-4668-BE54-9A1E7A4F7556}") = "Logica_Programacao", "Logica_Programacao.csproj", "{1D18D602-CB17-4398-90BC-EBECB5F22A28}"
EndProject
Project("{FAE04EC0-301F-11D3-BF4B-00C04F79EFBC}") = "Atividade_POO", "..\Atividade_POO\Atividade_POO.csproj", "{3B02193D-CD95-4761-9A63-F5A9E7764F7B}"
EndProject
Global
	GlobalSection(SolutionConfigurationPlatforms) = preSolution
		Debug|Any CPU = Debug|Any CPU
		Release|Any CPU = Release|Any CPU
	EndGlobalSection
	GlobalSection(ProjectConfigurationPlatforms) = postSolution
		{1D18D602-CB17-4398-90BC-EBECB5F22A28}.Debug|Any CPU.ActiveCfg = Debug|Any CPU
		{1D18D602-CB17-4398-90BC-EBECB5F22A28}.Debug|Any CPU.Build.0 = Debug|Any CPU
		{1D18D602-CB17-4398-90BC-EBECB5F22A28}.Release|Any CPU.ActiveCfg = Release|Any CPU
		{1D18D602-CB17-4398-90BC-EBECB5F22A28}.Release|Any CPU.Build.0 = Release|Any CPU
		{3B02193D-CD95-4761-9A63-F5A9E7764F7B}.Debug|Any CPU.ActiveCfg = Debug|Any CPU
		{3B02193D-CD95-4761-9A63-F5A9E7764F7B}.Debug|Any CPU.Build.0 = Debug|Any CPU
		{3B02193D-CD95-4761-9A63-F5A9E7764F7B}.Release|Any CPU.ActiveCfg = Release|Any CPU
		{3B02193D-CD95-4761-9A63-F5A9E7764F7B}.Release|Any CPU.Build.0 = Release|Any CPU
	EndGlobalSection
	GlobalSection(SolutionProperties) = preSolution
		HideSolutionNode = FALSE
	EndGlobalSection
	GlobalSection(ExtensibilityGlobals) = postSolution
		SolutionGuid = {E18EB7D7-4D35-4667-A5CB-6DDB585C354C}
	EndGlobalSection
EndGlobal
